{
  "version": 4,
  "terraform_version": "1.15.6",
  "serial": 5,
  "lineage": "6a967eeb-d6b9-1c5e-4d5f-b0ade85b5f9c",
  "outputs": {
    "nsg_names": {
      "value": [
        "nsg-app",
        "nsg-db",
        "nsg-web"
      ],
      "type": [
        "tuple",
        [
          "string",
          "string",
          "string"
        ]
      ]
    }
  },
  "resources": [
    {
      "mode": "managed",
      "type": "azurerm_network_security_group",
      "name": "nsg",
      "provider": "provider[\"registry.terraform.io/hashicorp/azurerm\"]",
      "instances": [
        {
          "index_key": "app",
          "schema_version": 0,
          "attributes": {
            "id": "/subscriptions/8f8dd98a-835f-4df5-b1fc-910d009e66c8/resourceGroups/rg-foreach-demo/providers/Microsoft.Network/networkSecurityGroups/nsg-app",
            "location": "eastus",
            "name": "nsg-app",
            "resource_group_name": "rg-foreach-demo",
            "security_rule": [],
            "tags": null,
            "timeouts": null
          },
          "sensitive_attributes": [],
          "identity_schema_version": 0,
          "identity": {
            "name": "nsg-app",
            "resource_group_name": "rg-foreach-demo",
            "subscription_id": "8f8dd98a-835f-4df5-b1fc-910d009e66c8"
          },
          "private": "eyJlMmJmYjczMC1lY2FhLTExZTYtOGY4OC0zNDM2M2JjN2M0YzAiOnsiY3JlYXRlIjoxODAwMDAwMDAwMDAwLCJkZWxldGUiOjE4MDAwMDAwMDAwMDAsInJlYWQiOjMwMDAwMDAwMDAwMCwidXBkYXRlIjoxODAwMDAwMDAwMDAwfX0=",
          "dependencies": [
            "azurerm_resource_group.rg"
          ]
        },
        {
          "index_key": "db",
          "schema_version": 0,
          "attributes": {
            "id": "/subscriptions/8f8dd98a-835f-4df5-b1fc-910d009e66c8/resourceGroups/rg-foreach-demo/providers/Microsoft.Network/networkSecurityGroups/nsg-db",
            "location": "eastus",
            "name": "nsg-db",
            "resource_group_name": "rg-foreach-demo",
            "security_rule": [],
            "tags": null,
            "timeouts": null
          },
          "sensitive_attributes": [],
          "identity_schema_version": 0,
          "identity": {
            "name": "nsg-db",
            "resource_group_name": "rg-foreach-demo",
            "subscription_id": "8f8dd98a-835f-4df5-b1fc-910d009e66c8"
          },
          "private": "eyJlMmJmYjczMC1lY2FhLTExZTYtOGY4OC0zNDM2M2JjN2M0YzAiOnsiY3JlYXRlIjoxODAwMDAwMDAwMDAwLCJkZWxldGUiOjE4MDAwMDAwMDAwMDAsInJlYWQiOjMwMDAwMDAwMDAwMCwidXBkYXRlIjoxODAwMDAwMDAwMDAwfX0=",
          "dependencies": [
            "azurerm_resource_group.rg"
          ]
        },
        {
          "index_key": "web",
          "schema_version": 0,
          "attributes": {
            "id": "/subscriptions/8f8dd98a-835f-4df5-b1fc-910d009e66c8/resourceGroups/rg-foreach-demo/providers/Microsoft.Network/networkSecurityGroups/nsg-web",
            "location": "eastus",
            "name": "nsg-web",
            "resource_group_name": "rg-foreach-demo",
            "security_rule": [],
            "tags": null,
            "timeouts": null
          },
          "sensitive_attributes": [],
          "identity_schema_version": 0,
          "identity": {
            "name": "nsg-web",
            "resource_group_name": "rg-foreach-demo",
            "subscription_id": "8f8dd98a-835f-4df5-b1fc-910d009e66c8"
          },
          "private": "eyJlMmJmYjczMC1lY2FhLTExZTYtOGY4OC0zNDM2M2JjN2M0YzAiOnsiY3JlYXRlIjoxODAwMDAwMDAwMDAwLCJkZWxldGUiOjE4MDAwMDAwMDAwMDAsInJlYWQiOjMwMDAwMDAwMDAwMCwidXBkYXRlIjoxODAwMDAwMDAwMDAwfX0=",
          "dependencies": [
            "azurerm_resource_group.rg"
          ]
        }
      ]
    },
    {
      "mode": "managed",
      "type": "azurerm_resource_group",
      "name": "rg",
      "provider": "provider[\"registry.terraform.io/hashicorp/azurerm\"]",
      "instances": [
        {
          "schema_version": 0,
          "attributes": {
            "id": "/subscriptions/8f8dd98a-835f-4df5-b1fc-910d009e66c8/resourceGroups/rg-foreach-demo",
            "location": "eastus",
            "managed_by": "",
            "name": "rg-foreach-demo",
            "tags": null,
            "timeouts": null
          },
          "sensitive_attributes": [],
          "identity_schema_version": 0,
          "identity": {
            "name": "rg-foreach-demo",
            "subscription_id": "8f8dd98a-835f-4df5-b1fc-910d009e66c8"
          },
          "private": "eyJlMmJmYjczMC1lY2FhLTExZTYtOGY4OC0zNDM2M2JjN2M0YzAiOnsiY3JlYXRlIjo1NDAwMDAwMDAwMDAwLCJkZWxldGUiOjU0MDAwMDAwMDAwMDAsInJlYWQiOjMwMDAwMDAwMDAwMCwidXBkYXRlIjo1NDAwMDAwMDAwMDAwfX0="
        }
      ]
    }
  ],
  "check_results": null
}
